<?xml version="1.0" encoding="utf-8"?>
<Project ToolsVersion="17.0" xmlns="http://schemas.microsoft.com/developer/msbuild/2003">
  <ItemGroup>
    <ClCompile Include="C:\gitroot\ShellAnything\src\api\sa_action.cpp">
      <Filter>Source Files</Filter>
    </ClCompile>
    <ClCompile Include="C:\gitroot\ShellAnything\src\api\sa_cfgmgr.cpp">
      <Filter>Source Files</Filter>
    </ClCompile>
    <ClCompile Include="C:\gitroot\ShellAnything\src\api\sa_configuration.cpp">
      <Filter>Source Files</Filter>
    </ClCompile>
    <ClCompile Include="C:\gitroot\ShellAnything\src\api\sa_selection_context.cpp">
      <Filter>Source Files</Filter>
    </ClCompile>
    <ClCompile Include="C:\gitroot\ShellAnything\src\api\sa_error.cpp">
      <Filter>Source Files</Filter>
    </ClCompile>
    <ClCompile Include="C:\gitroot\ShellAnything\src\api\sa_icon.cpp">
      <Filter>Source Files</Filter>
    </ClCompile>
    <ClCompile Include="C:\gitroot\ShellAnything\src\api\sa_logging.cpp">
      <Filter>Source Files</Filter>
    </ClCompile>
    <ClCompile Include="C:\gitroot\ShellAnything\src\api\sa_memory.cpp">
      <Filter>Source Files</Filter>
    </ClCompile>
    <ClCompile Include="C:\gitroot\ShellAnything\src\api\sa_menu.cpp">
      <Filter>Source Files</Filter>
    </ClCompile>
    <ClCompile Include="C:\gitroot\ShellAnything\src\api\sa_plugin.cpp">
      <Filter>Source Files</Filter>
    </ClCompile>
    <ClCompile Include="C:\gitroot\ShellAnything\src\api\sa_private_casting.cpp">
      <Filter>Source Files</Filter>
    </ClCompile>
    <ClCompile Include="C:\gitroot\ShellAnything\src\api\sa_properties.cpp">
      <Filter>Source Files</Filter>
    </ClCompile>
    <ClCompile Include="C:\gitroot\ShellAnything\src\api\sa_property_store.cpp">
      <Filter>Source Files</Filter>
    </ClCompile>
    <ClCompile Include="C:\gitroot\ShellAnything\src\api\sa_string.cpp">
      <Filter>Source Files</Filter>
    </ClCompile>
    <ClCompile Include="C:\gitroot\ShellAnything\src\api\sa_string_private.cpp">
      <Filter>Source Files</Filter>
    </ClCompile>
    <ClCompile Include="C:\gitroot\ShellAnything\src\api\sa_validator.cpp">
      <Filter>Source Files</Filter>
    </ClCompile>
    <ClCompile Include="C:\gitroot\ShellAnything\src\api\sa_xml.cpp">
      <Filter>Source Files</Filter>
    </ClCompile>
  </ItemGroup>
  <ItemGroup>
    <ClInclude Include="C:\gitroot\ShellAnything\include\shellanything\sa_action.h">
      <Filter>Header Files</Filter>
    </ClInclude>
    <ClInclude Include="C:\gitroot\ShellAnything\include\shellanything\sa_cfgmgr.h">
      <Filter>Header Files</Filter>
    </ClInclude>
    <ClInclude Include="C:\gitroot\ShellAnything\include\shellanything\sa_configuration.h">
      <Filter>Header Files</Filter>
    </ClInclude>
    <ClInclude Include="C:\gitroot\ShellAnything\include\shellanything\sa_enums.h">
      <Filter>Header Files</Filter>
    </ClInclude>
    <ClInclude Include="C:\gitroot\ShellAnything\include\shellanything\sa_selection_context.h">
      <Filter>Header Files</Filter>
    </ClInclude>
    <ClInclude Include="C:\gitroot\ShellAnything\include\shellanything\sa_error.h">
      <Filter>Header Files</Filter>
    </ClInclude>
    <ClInclude Include="C:\gitroot\ShellAnything\include\shellanything\sa_icon.h">
      <Filter>Header Files</Filter>
    </ClInclude>
    <ClInclude Include="C:\gitroot\ShellAnything\include\shellanything\sa_logging.h">
      <Filter>Header Files</Filter>
    </ClInclude>
    <ClInclude Include="C:\gitroot\ShellAnything\include\shellanything\sa_memory.h">
      <Filter>Header Files</Filter>
    </ClInclude>
    <ClInclude Include="C:\gitroot\ShellAnything\include\shellanything\sa_menu.h">
      <Filter>Header Files</Filter>
    </ClInclude>
    <ClInclude Include="C:\gitroot\ShellAnything\include\shellanything\sa_types.h">
      <Filter>Header Files</Filter>
    </ClInclude>
    <ClInclude Include="C:\gitroot\ShellAnything\include\shellanything\sa_plugin.h">
      <Filter>Header Files</Filter>
    </ClInclude>
    <ClInclude Include="C:\gitroot\ShellAnything\include\shellanything\sa_plugin_definitions.h">
      <Filter>Header Files</Filter>
    </ClInclude>
    <ClInclude Include="C:\gitroot\ShellAnything\include\shellanything\sa_properties.h">
      <Filter>Header Files</Filter>
    </ClInclude>
    <ClInclude Include="C:\gitroot\ShellAnything\include\shellanything\sa_property_store.h">
      <Filter>Header Files</Filter>
    </ClInclude>
    <ClInclude Include="C:\gitroot\ShellAnything\include\shellanything\sa_string.h">
      <Filter>Header Files</Filter>
    </ClInclude>
    <ClInclude Include="C:\gitroot\ShellAnything\include\shellanything\sa_validator.h">
      <Filter>Header Files</Filter>
    </ClInclude>
    <ClInclude Include="C:\gitroot\ShellAnything\include\shellanything\sa_xml.h">
      <Filter>Header Files</Filter>
    </ClInclude>
    <ClInclude Include="C:\gitroot\ShellAnything\src\api\sa_private_casting.h">
      <Filter>Header Files</Filter>
    </ClInclude>
    <ClInclude Include="C:\gitroot\ShellAnything\src\api\sa_string_private.h">
      <Filter>Header Files</Filter>
    </ClInclude>
  </ItemGroup>
  <ItemGroup>
    <CustomBuild Include="C:\gitroot\ShellAnything\src\api\CMakeLists.txt" />
  </ItemGroup>
  <ItemGroup>
    <None Include="C:\gitroot\ShellAnything\src\api\sa.api.def">
      <Filter>Source Files</Filter>
    </None>
  </ItemGroup>
  <ItemGroup>
    <Filter Include="Header Files">
      <UniqueIdentifier>{19E7E00D-C1A3-3DB4-92D4-8E2AB74628FD}</UniqueIdentifier>
    </Filter>
    <Filter Include="Source Files">
      <UniqueIdentifier>{234B78A9-2870-3091-9317-9AA72131AA7F}</UniqueIdentifier>
    </Filter>
  </ItemGroup>
</Project>
