<?xml version="1.0" encoding="utf-8"?>
<Project ToolsVersion="17.0" xmlns="http://schemas.microsoft.com/developer/msbuild/2003">
  <ItemGroup>
    <ClInclude Include="C:\gitroot\ShellAnything\src\flat-color-icons\resource.h">
      <Filter>Header Files</Filter>
    </ClInclude>
    <ClInclude Include="C:\gitroot\ShellAnything\src\flat-color-icons\resource.rc.in">
      <Filter>Header Files</Filter>
    </ClInclude>
  </ItemGroup>
  <ItemGroup>
    <CustomBuild Include="C:\gitroot\ShellAnything\src\flat-color-icons\CMakeLists.txt" />
  </ItemGroup>
  <ItemGroup>
    <ResourceCompile Include="C:\gitroot\ShellAnything\build\src\flat-color-icons\resource.rc">
      <Filter>Source Files</Filter>
    </ResourceCompile>
  </ItemGroup>
  <ItemGroup>
    <Filter Include="Header Files">
      <UniqueIdentifier>{19E7E00D-C1A3-3DB4-92D4-8E2AB74628FD}</UniqueIdentifier>
    </Filter>
    <Filter Include="Source Files">
      <UniqueIdentifier>{234B78A9-2870-3091-9317-9AA72131AA7F}</UniqueIdentifier>
    </Filter>
  </ItemGroup>
</Project>
