
Microsoft Visual Studio Solution File, Format Version 12.00
# Visual Studio Version 17
Project("{8BC9CEB8-8B4A-11D0-8D11-00A0C91BC942}") = "ALL_BUILD", "ALL_BUILD.vcxproj", "{DADFB6E1-A7EF-3011-A736-873B47B8ACE5}"
	ProjectSection(ProjectDependencies) = postProject
		{B4848014-54FA-37A2-A1BA-9F7A5B88B0C7} = {B4848014-54FA-37A2-A1BA-9F7A5B88B0C7}
		{01582A52-C6E5-3F55-ABEC-8AB5915A0E86} = {01582A52-C6E5-3F55-ABEC-8AB5915A0E86}
	EndProjectSection
EndProject
Project("{8BC9CEB8-8B4A-11D0-8D11-00A0C91BC942}") = "INSTALL", "INSTALL.vcxproj", "{A5EDAE43-4AE6-3B4F-B00A-C0B86224498B}"
	ProjectSection(ProjectDependencies) = postProject
		{DADFB6E1-A7EF-3011-A736-873B47B8ACE5} = {DADFB6E1-A7EF-3011-A736-873B47B8ACE5}
		{B4848014-54FA-37A2-A1BA-9F7A5B88B0C7} = {B4848014-54FA-37A2-A1BA-9F7A5B88B0C7}
	EndProjectSection
EndProject
Project("{8BC9CEB8-8B4A-11D0-8D11-00A0C91BC942}") = "PACKAGE", "PACKAGE.vcxproj", "{A89267EC-C612-3E26-9CB1-D5AB8D3F238B}"
	ProjectSection(ProjectDependencies) = postProject
		{DADFB6E1-A7EF-3011-A736-873B47B8ACE5} = {DADFB6E1-A7EF-3011-A736-873B47B8ACE5}
		{B4848014-54FA-37A2-A1BA-9F7A5B88B0C7} = {B4848014-54FA-37A2-A1BA-9F7A5B88B0C7}
	EndProjectSection
EndProject
Project("{8BC9CEB8-8B4A-11D0-8D11-00A0C91BC942}") = "ZERO_CHECK", "..\..\..\\ZERO_CHECK.vcxproj", "{B4848014-54FA-37A2-A1BA-9F7A5B88B0C7}"
	ProjectSection(ProjectDependencies) = postProject
	EndProjectSection
EndProject
Project("{8BC9CEB8-8B4A-11D0-8D11-00A0C91BC942}") = "libexprtk", "..\..\libexprtk\libexprtk.vcxproj", "{8230CF58-ABA6-3146-93D7-CFD8AD540998}"
	ProjectSection(ProjectDependencies) = postProject
		{B4848014-54FA-37A2-A1BA-9F7A5B88B0C7} = {B4848014-54FA-37A2-A1BA-9F7A5B88B0C7}
	EndProjectSection
EndProject
Project("{8BC9CEB8-8B4A-11D0-8D11-00A0C91BC942}") = "sa.api", "..\..\api\sa.api.vcxproj", "{10462EB2-6E73-39A9-BEBB-3A3423BAC716}"
	ProjectSection(ProjectDependencies) = postProject
		{B4848014-54FA-37A2-A1BA-9F7A5B88B0C7} = {B4848014-54FA-37A2-A1BA-9F7A5B88B0C7}
		{81C0B21A-7ECE-3001-A110-C8C5C9699FB2} = {81C0B21A-7ECE-3001-A110-C8C5C9699FB2}
	EndProjectSection
EndProject
Project("{8BC9CEB8-8B4A-11D0-8D11-00A0C91BC942}") = "sa.core", "..\..\core\sa.core.vcxproj", "{81C0B21A-7ECE-3001-A110-C8C5C9699FB2}"
	ProjectSection(ProjectDependencies) = postProject
		{B4848014-54FA-37A2-A1BA-9F7A5B88B0C7} = {B4848014-54FA-37A2-A1BA-9F7A5B88B0C7}
		{8230CF58-ABA6-3146-93D7-CFD8AD540998} = {8230CF58-ABA6-3146-93D7-CFD8AD540998}
		{110F5C87-32D8-3631-8DDC-6BE1F99330C4} = {110F5C87-32D8-3631-8DDC-6BE1F99330C4}
	EndProjectSection
EndProject
Project("{8BC9CEB8-8B4A-11D0-8D11-00A0C91BC942}") = "sa.shared", "..\..\shared\sa.shared.vcxproj", "{110F5C87-32D8-3631-8DDC-6BE1F99330C4}"
	ProjectSection(ProjectDependencies) = postProject
		{B4848014-54FA-37A2-A1BA-9F7A5B88B0C7} = {B4848014-54FA-37A2-A1BA-9F7A5B88B0C7}
	EndProjectSection
EndProject
Project("{8BC9CEB8-8B4A-11D0-8D11-00A0C91BC942}") = "sa_plugin_services", "sa_plugin_services.vcxproj", "{01582A52-C6E5-3F55-ABEC-8AB5915A0E86}"
	ProjectSection(ProjectDependencies) = postProject
		{B4848014-54FA-37A2-A1BA-9F7A5B88B0C7} = {B4848014-54FA-37A2-A1BA-9F7A5B88B0C7}
		{10462EB2-6E73-39A9-BEBB-3A3423BAC716} = {10462EB2-6E73-39A9-BEBB-3A3423BAC716}
	EndProjectSection
EndProject
Global
	GlobalSection(SolutionConfigurationPlatforms) = preSolution
		Debug|x64 = Debug|x64
		Release|x64 = Release|x64
		MinSizeRel|x64 = MinSizeRel|x64
		RelWithDebInfo|x64 = RelWithDebInfo|x64
	EndGlobalSection
	GlobalSection(ProjectConfigurationPlatforms) = postSolution
		{DADFB6E1-A7EF-3011-A736-873B47B8ACE5}.Debug|x64.ActiveCfg = Debug|x64
		{DADFB6E1-A7EF-3011-A736-873B47B8ACE5}.Debug|x64.Build.0 = Debug|x64
		{DADFB6E1-A7EF-3011-A736-873B47B8ACE5}.Release|x64.ActiveCfg = Release|x64
		{DADFB6E1-A7EF-3011-A736-873B47B8ACE5}.Release|x64.Build.0 = Release|x64
		{DADFB6E1-A7EF-3011-A736-873B47B8ACE5}.MinSizeRel|x64.ActiveCfg = MinSizeRel|x64
		{DADFB6E1-A7EF-3011-A736-873B47B8ACE5}.MinSizeRel|x64.Build.0 = MinSizeRel|x64
		{DADFB6E1-A7EF-3011-A736-873B47B8ACE5}.RelWithDebInfo|x64.ActiveCfg = RelWithDebInfo|x64
		{DADFB6E1-A7EF-3011-A736-873B47B8ACE5}.RelWithDebInfo|x64.Build.0 = RelWithDebInfo|x64
		{A5EDAE43-4AE6-3B4F-B00A-C0B86224498B}.Debug|x64.ActiveCfg = Debug|x64
		{A5EDAE43-4AE6-3B4F-B00A-C0B86224498B}.Release|x64.ActiveCfg = Release|x64
		{A5EDAE43-4AE6-3B4F-B00A-C0B86224498B}.MinSizeRel|x64.ActiveCfg = MinSizeRel|x64
		{A5EDAE43-4AE6-3B4F-B00A-C0B86224498B}.RelWithDebInfo|x64.ActiveCfg = RelWithDebInfo|x64
		{A89267EC-C612-3E26-9CB1-D5AB8D3F238B}.Debug|x64.ActiveCfg = Debug|x64
		{A89267EC-C612-3E26-9CB1-D5AB8D3F238B}.Release|x64.ActiveCfg = Release|x64
		{A89267EC-C612-3E26-9CB1-D5AB8D3F238B}.MinSizeRel|x64.ActiveCfg = MinSizeRel|x64
		{A89267EC-C612-3E26-9CB1-D5AB8D3F238B}.RelWithDebInfo|x64.ActiveCfg = RelWithDebInfo|x64
		{B4848014-54FA-37A2-A1BA-9F7A5B88B0C7}.Debug|x64.ActiveCfg = Debug|x64
		{B4848014-54FA-37A2-A1BA-9F7A5B88B0C7}.Debug|x64.Build.0 = Debug|x64
		{B4848014-54FA-37A2-A1BA-9F7A5B88B0C7}.Release|x64.ActiveCfg = Release|x64
		{B4848014-54FA-37A2-A1BA-9F7A5B88B0C7}.Release|x64.Build.0 = Release|x64
		{B4848014-54FA-37A2-A1BA-9F7A5B88B0C7}.MinSizeRel|x64.ActiveCfg = MinSizeRel|x64
		{B4848014-54FA-37A2-A1BA-9F7A5B88B0C7}.MinSizeRel|x64.Build.0 = MinSizeRel|x64
		{B4848014-54FA-37A2-A1BA-9F7A5B88B0C7}.RelWithDebInfo|x64.ActiveCfg = RelWithDebInfo|x64
		{B4848014-54FA-37A2-A1BA-9F7A5B88B0C7}.RelWithDebInfo|x64.Build.0 = RelWithDebInfo|x64
		{8230CF58-ABA6-3146-93D7-CFD8AD540998}.Debug|x64.ActiveCfg = Debug|x64
		{8230CF58-ABA6-3146-93D7-CFD8AD540998}.Debug|x64.Build.0 = Debug|x64
		{8230CF58-ABA6-3146-93D7-CFD8AD540998}.Release|x64.ActiveCfg = Release|x64
		{8230CF58-ABA6-3146-93D7-CFD8AD540998}.Release|x64.Build.0 = Release|x64
		{8230CF58-ABA6-3146-93D7-CFD8AD540998}.MinSizeRel|x64.ActiveCfg = MinSizeRel|x64
		{8230CF58-ABA6-3146-93D7-CFD8AD540998}.MinSizeRel|x64.Build.0 = MinSizeRel|x64
		{8230CF58-ABA6-3146-93D7-CFD8AD540998}.RelWithDebInfo|x64.ActiveCfg = RelWithDebInfo|x64
		{8230CF58-ABA6-3146-93D7-CFD8AD540998}.RelWithDebInfo|x64.Build.0 = RelWithDebInfo|x64
		{10462EB2-6E73-39A9-BEBB-3A3423BAC716}.Debug|x64.ActiveCfg = Debug|x64
		{10462EB2-6E73-39A9-BEBB-3A3423BAC716}.Debug|x64.Build.0 = Debug|x64
		{10462EB2-6E73-39A9-BEBB-3A3423BAC716}.Release|x64.ActiveCfg = Release|x64
		{10462EB2-6E73-39A9-BEBB-3A3423BAC716}.Release|x64.Build.0 = Release|x64
		{10462EB2-6E73-39A9-BEBB-3A3423BAC716}.MinSizeRel|x64.ActiveCfg = MinSizeRel|x64
		{10462EB2-6E73-39A9-BEBB-3A3423BAC716}.MinSizeRel|x64.Build.0 = MinSizeRel|x64
		{10462EB2-6E73-39A9-BEBB-3A3423BAC716}.RelWithDebInfo|x64.ActiveCfg = RelWithDebInfo|x64
		{10462EB2-6E73-39A9-BEBB-3A3423BAC716}.RelWithDebInfo|x64.Build.0 = RelWithDebInfo|x64
		{81C0B21A-7ECE-3001-A110-C8C5C9699FB2}.Debug|x64.ActiveCfg = Debug|x64
		{81C0B21A-7ECE-3001-A110-C8C5C9699FB2}.Debug|x64.Build.0 = Debug|x64
		{81C0B21A-7ECE-3001-A110-C8C5C9699FB2}.Release|x64.ActiveCfg = Release|x64
		{81C0B21A-7ECE-3001-A110-C8C5C9699FB2}.Release|x64.Build.0 = Release|x64
		{81C0B21A-7ECE-3001-A110-C8C5C9699FB2}.MinSizeRel|x64.ActiveCfg = MinSizeRel|x64
		{81C0B21A-7ECE-3001-A110-C8C5C9699FB2}.MinSizeRel|x64.Build.0 = MinSizeRel|x64
		{81C0B21A-7ECE-3001-A110-C8C5C9699FB2}.RelWithDebInfo|x64.ActiveCfg = RelWithDebInfo|x64
		{81C0B21A-7ECE-3001-A110-C8C5C9699FB2}.RelWithDebInfo|x64.Build.0 = RelWithDebInfo|x64
		{110F5C87-32D8-3631-8DDC-6BE1F99330C4}.Debug|x64.ActiveCfg = Debug|x64
		{110F5C87-32D8-3631-8DDC-6BE1F99330C4}.Debug|x64.Build.0 = Debug|x64
		{110F5C87-32D8-3631-8DDC-6BE1F99330C4}.Release|x64.ActiveCfg = Release|x64
		{110F5C87-32D8-3631-8DDC-6BE1F99330C4}.Release|x64.Build.0 = Release|x64
		{110F5C87-32D8-3631-8DDC-6BE1F99330C4}.MinSizeRel|x64.ActiveCfg = MinSizeRel|x64
		{110F5C87-32D8-3631-8DDC-6BE1F99330C4}.MinSizeRel|x64.Build.0 = MinSizeRel|x64
		{110F5C87-32D8-3631-8DDC-6BE1F99330C4}.RelWithDebInfo|x64.ActiveCfg = RelWithDebInfo|x64
		{110F5C87-32D8-3631-8DDC-6BE1F99330C4}.RelWithDebInfo|x64.Build.0 = RelWithDebInfo|x64
		{01582A52-C6E5-3F55-ABEC-8AB5915A0E86}.Debug|x64.ActiveCfg = Debug|x64
		{01582A52-C6E5-3F55-ABEC-8AB5915A0E86}.Debug|x64.Build.0 = Debug|x64
		{01582A52-C6E5-3F55-ABEC-8AB5915A0E86}.Release|x64.ActiveCfg = Release|x64
		{01582A52-C6E5-3F55-ABEC-8AB5915A0E86}.Release|x64.Build.0 = Release|x64
		{01582A52-C6E5-3F55-ABEC-8AB5915A0E86}.MinSizeRel|x64.ActiveCfg = MinSizeRel|x64
		{01582A52-C6E5-3F55-ABEC-8AB5915A0E86}.MinSizeRel|x64.Build.0 = MinSizeRel|x64
		{01582A52-C6E5-3F55-ABEC-8AB5915A0E86}.RelWithDebInfo|x64.ActiveCfg = RelWithDebInfo|x64
		{01582A52-C6E5-3F55-ABEC-8AB5915A0E86}.RelWithDebInfo|x64.Build.0 = RelWithDebInfo|x64
	EndGlobalSection
	GlobalSection(ExtensibilityGlobals) = postSolution
		SolutionGuid = {52FF37D4-1211-3D21-8A5C-138781FCD33D}
	EndGlobalSection
	GlobalSection(ExtensibilityAddIns) = postSolution
	EndGlobalSection
EndGlobal
