<?xml version="1.0" encoding="utf-8"?>
<Project ToolsVersion="17.0" xmlns="http://schemas.microsoft.com/developer/msbuild/2003">
  <ItemGroup>
    <ClCompile Include="C:\gitroot\ShellAnything\src\plugins\sa_plugin_services\sa_plugin_services.cpp">
      <Filter>Source Files</Filter>
    </ClCompile>
  </ItemGroup>
  <ItemGroup>
    <CustomBuild Include="C:\gitroot\ShellAnything\src\plugins\sa_plugin_services\CMakeLists.txt" />
  </ItemGroup>
  <ItemGroup>
    <Filter Include="Source Files">
      <UniqueIdentifier>{234B78A9-2870-3091-9317-9AA72131AA7F}</UniqueIdentifier>
    </Filter>
  </ItemGroup>
</Project>
