<?xml version="1.0" encoding="utf-8"?>
<Project ToolsVersion="17.0" xmlns="http://schemas.microsoft.com/developer/msbuild/2003">
  <ItemGroup>
    <ClCompile Include="C:\gitroot\ShellAnything\src\core\IAction.cpp">
      <Filter>Source Files</Filter>
    </ClCompile>
    <ClCompile Include="C:\gitroot\ShellAnything\src\core\ActionClipboard.cpp">
      <Filter>Source Files</Filter>
    </ClCompile>
    <ClCompile Include="C:\gitroot\ShellAnything\src\core\ActionExecute.cpp">
      <Filter>Source Files</Filter>
    </ClCompile>
    <ClCompile Include="C:\gitroot\ShellAnything\src\core\ActionFile.cpp">
      <Filter>Source Files</Filter>
    </ClCompile>
    <ClCompile Include="C:\gitroot\ShellAnything\src\core\ActionManager.cpp">
      <Filter>Source Files</Filter>
    </ClCompile>
    <ClCompile Include="C:\gitroot\ShellAnything\src\core\ActionMessage.cpp">
      <Filter>Source Files</Filter>
    </ClCompile>
    <ClCompile Include="C:\gitroot\ShellAnything\src\core\ActionOpen.cpp">
      <Filter>Source Files</Filter>
    </ClCompile>
    <ClCompile Include="C:\gitroot\ShellAnything\src\core\ActionPrompt.cpp">
      <Filter>Source Files</Filter>
    </ClCompile>
    <ClCompile Include="C:\gitroot\ShellAnything\src\core\ActionProperty.cpp">
      <Filter>Source Files</Filter>
    </ClCompile>
    <ClCompile Include="C:\gitroot\ShellAnything\src\core\ActionStop.cpp">
      <Filter>Source Files</Filter>
    </ClCompile>
    <ClCompile Include="C:\gitroot\ShellAnything\src\core\App.cpp">
      <Filter>Source Files</Filter>
    </ClCompile>
    <ClCompile Include="C:\gitroot\ShellAnything\src\core\BaseAction.cpp">
      <Filter>Source Files</Filter>
    </ClCompile>
    <ClCompile Include="C:\gitroot\ShellAnything\src\core\ConfigFile.cpp">
      <Filter>Source Files</Filter>
    </ClCompile>
    <ClCompile Include="C:\gitroot\ShellAnything\src\core\ConfigManager.cpp">
      <Filter>Source Files</Filter>
    </ClCompile>
    <ClCompile Include="C:\gitroot\ShellAnything\src\core\SelectionContext.cpp">
      <Filter>Source Files</Filter>
    </ClCompile>
    <ClCompile Include="C:\gitroot\ShellAnything\src\core\ConsoleLoggerService.cpp">
      <Filter>Source Files</Filter>
    </ClCompile>
    <ClCompile Include="C:\gitroot\ShellAnything\src\core\DefaultSettings.cpp">
      <Filter>Source Files</Filter>
    </ClCompile>
    <ClCompile Include="C:\gitroot\ShellAnything\src\core\FileMagicManager.cpp">
      <Filter>Source Files</Filter>
    </ClCompile>
    <ClCompile Include="C:\gitroot\ShellAnything\src\core\IActionFactory.cpp">
      <Filter>Source Files</Filter>
    </ClCompile>
    <ClCompile Include="C:\gitroot\ShellAnything\src\core\IAttributeValidator.cpp">
      <Filter>Source Files</Filter>
    </ClCompile>
    <ClCompile Include="C:\gitroot\ShellAnything\src\core\Icon.cpp">
      <Filter>Source Files</Filter>
    </ClCompile>
    <ClCompile Include="C:\gitroot\ShellAnything\src\core\IObject.cpp">
      <Filter>Source Files</Filter>
    </ClCompile>
    <ClCompile Include="C:\gitroot\ShellAnything\src\core\IIconResolutionService.cpp">
      <Filter>Source Files</Filter>
    </ClCompile>
    <ClCompile Include="C:\gitroot\ShellAnything\src\core\IKeyboardService.cpp">
      <Filter>Source Files</Filter>
    </ClCompile>
    <ClCompile Include="C:\gitroot\ShellAnything\src\core\ILiveProperty.cpp">
      <Filter>Source Files</Filter>
    </ClCompile>
    <ClCompile Include="C:\gitroot\ShellAnything\src\core\IClipboardService.cpp">
      <Filter>Source Files</Filter>
    </ClCompile>
    <ClCompile Include="C:\gitroot\ShellAnything\src\core\ILoggerService.cpp">
      <Filter>Source Files</Filter>
    </ClCompile>
    <ClCompile Include="C:\gitroot\ShellAnything\src\core\IProcessLauncherService.cpp">
      <Filter>Source Files</Filter>
    </ClCompile>
    <ClCompile Include="C:\gitroot\ShellAnything\src\core\IRandomService.cpp">
      <Filter>Source Files</Filter>
    </ClCompile>
    <ClCompile Include="C:\gitroot\ShellAnything\src\core\IRegistryService.cpp">
      <Filter>Source Files</Filter>
    </ClCompile>
    <ClCompile Include="C:\gitroot\ShellAnything\src\core\KeyboardHelper.cpp">
      <Filter>Source Files</Filter>
    </ClCompile>
    <ClCompile Include="C:\gitroot\ShellAnything\src\core\LoggerHelper.cpp">
      <Filter>Source Files</Filter>
    </ClCompile>
    <ClCompile Include="C:\gitroot\ShellAnything\src\core\InputBox.cpp">
      <Filter>Source Files</Filter>
    </ClCompile>
    <ClCompile Include="C:\gitroot\ShellAnything\src\core\IUpdateCallback.cpp">
      <Filter>Source Files</Filter>
    </ClCompile>
    <ClCompile Include="C:\gitroot\ShellAnything\src\core\Menu.cpp">
      <Filter>Source Files</Filter>
    </ClCompile>
    <ClCompile Include="C:\gitroot\ShellAnything\src\core\ObjectFactory.cpp">
      <Filter>Source Files</Filter>
    </ClCompile>
    <ClCompile Include="C:\gitroot\ShellAnything\src\core\PcgRandomService.cpp">
      <Filter>Source Files</Filter>
    </ClCompile>
    <ClCompile Include="C:\gitroot\ShellAnything\src\core\Plugin.cpp">
      <Filter>Source Files</Filter>
    </ClCompile>
    <ClCompile Include="C:\gitroot\ShellAnything\src\core\Unicode.cpp">
      <Filter>Source Files</Filter>
    </ClCompile>
    <ClCompile Include="C:\gitroot\ShellAnything\src\core\Validator.cpp">
      <Filter>Source Files</Filter>
    </ClCompile>
    <ClCompile Include="C:\gitroot\ShellAnything\src\core\DriveClass.cpp">
      <Filter>Source Files</Filter>
    </ClCompile>
    <ClCompile Include="C:\gitroot\ShellAnything\src\core\Environment.cpp">
      <Filter>Source Files</Filter>
    </ClCompile>
    <ClCompile Include="C:\gitroot\ShellAnything\src\core\ErrorManager.cpp">
      <Filter>Source Files</Filter>
    </ClCompile>
    <ClCompile Include="C:\gitroot\ShellAnything\src\core\PropertyManager.cpp">
      <Filter>Source Files</Filter>
    </ClCompile>
    <ClCompile Include="C:\gitroot\ShellAnything\src\core\PropertyStore.cpp">
      <Filter>Source Files</Filter>
    </ClCompile>
    <ClCompile Include="C:\gitroot\ShellAnything\src\core\RandomHelper.cpp">
      <Filter>Source Files</Filter>
    </ClCompile>
    <ClCompile Include="C:\gitroot\ShellAnything\src\core\Registry.cpp">
      <Filter>Source Files</Filter>
    </ClCompile>
    <ClCompile Include="C:\gitroot\ShellAnything\src\core\Wildcard.cpp">
      <Filter>Source Files</Filter>
    </ClCompile>
  </ItemGroup>
  <ItemGroup>
    <ClInclude Include="C:\gitroot\ShellAnything\build\include\shellanything\version.h">
      <Filter>Header Files</Filter>
    </ClInclude>
    <ClInclude Include="C:\gitroot\ShellAnything\build\include\shellanything\config.h">
      <Filter>Header Files</Filter>
    </ClInclude>
    <ClInclude Include="C:\gitroot\ShellAnything\src\core\IAction.h">
      <Filter>Header Files</Filter>
    </ClInclude>
    <ClInclude Include="C:\gitroot\ShellAnything\src\core\ActionClipboard.h">
      <Filter>Header Files</Filter>
    </ClInclude>
    <ClInclude Include="C:\gitroot\ShellAnything\src\core\ActionExecute.h">
      <Filter>Header Files</Filter>
    </ClInclude>
    <ClInclude Include="C:\gitroot\ShellAnything\src\core\ActionFile.h">
      <Filter>Header Files</Filter>
    </ClInclude>
    <ClInclude Include="C:\gitroot\ShellAnything\src\core\ActionManager.h">
      <Filter>Header Files</Filter>
    </ClInclude>
    <ClInclude Include="C:\gitroot\ShellAnything\src\core\ActionMessage.h">
      <Filter>Header Files</Filter>
    </ClInclude>
    <ClInclude Include="C:\gitroot\ShellAnything\src\core\ActionOpen.h">
      <Filter>Header Files</Filter>
    </ClInclude>
    <ClInclude Include="C:\gitroot\ShellAnything\src\core\ActionPrompt.h">
      <Filter>Header Files</Filter>
    </ClInclude>
    <ClInclude Include="C:\gitroot\ShellAnything\src\core\ActionProperty.h">
      <Filter>Header Files</Filter>
    </ClInclude>
    <ClInclude Include="C:\gitroot\ShellAnything\src\core\ActionStop.h">
      <Filter>Header Files</Filter>
    </ClInclude>
    <ClInclude Include="C:\gitroot\ShellAnything\src\core\App.h">
      <Filter>Header Files</Filter>
    </ClInclude>
    <ClInclude Include="C:\gitroot\ShellAnything\src\core\BaseAction.h">
      <Filter>Header Files</Filter>
    </ClInclude>
    <ClInclude Include="C:\gitroot\ShellAnything\src\core\ConfigFile.h">
      <Filter>Header Files</Filter>
    </ClInclude>
    <ClInclude Include="C:\gitroot\ShellAnything\src\core\ConfigManager.h">
      <Filter>Header Files</Filter>
    </ClInclude>
    <ClInclude Include="C:\gitroot\ShellAnything\src\core\SelectionContext.h">
      <Filter>Header Files</Filter>
    </ClInclude>
    <ClInclude Include="C:\gitroot\ShellAnything\src\core\ConsoleLoggerService.h">
      <Filter>Header Files</Filter>
    </ClInclude>
    <ClInclude Include="C:\gitroot\ShellAnything\src\core\DefaultSettings.h">
      <Filter>Header Files</Filter>
    </ClInclude>
    <ClInclude Include="C:\gitroot\ShellAnything\src\core\Environment.h">
      <Filter>Header Files</Filter>
    </ClInclude>
    <ClInclude Include="C:\gitroot\ShellAnything\src\core\Icon.h">
      <Filter>Header Files</Filter>
    </ClInclude>
    <ClInclude Include="C:\gitroot\ShellAnything\src\core\IObject.h">
      <Filter>Header Files</Filter>
    </ClInclude>
    <ClInclude Include="C:\gitroot\ShellAnything\src\core\IIconResolutionService.h">
      <Filter>Header Files</Filter>
    </ClInclude>
    <ClInclude Include="C:\gitroot\ShellAnything\src\core\IKeyboardService.h">
      <Filter>Header Files</Filter>
    </ClInclude>
    <ClInclude Include="C:\gitroot\ShellAnything\src\core\ILiveProperty.h">
      <Filter>Header Files</Filter>
    </ClInclude>
    <ClInclude Include="C:\gitroot\ShellAnything\src\core\IClipboardService.h">
      <Filter>Header Files</Filter>
    </ClInclude>
    <ClInclude Include="C:\gitroot\ShellAnything\src\core\ILoggerService.h">
      <Filter>Header Files</Filter>
    </ClInclude>
    <ClInclude Include="C:\gitroot\ShellAnything\src\core\IProcessLauncherService.h">
      <Filter>Header Files</Filter>
    </ClInclude>
    <ClInclude Include="C:\gitroot\ShellAnything\src\core\IRandomService.h">
      <Filter>Header Files</Filter>
    </ClInclude>
    <ClInclude Include="C:\gitroot\ShellAnything\src\core\IRegistryService.h">
      <Filter>Header Files</Filter>
    </ClInclude>
    <ClInclude Include="C:\gitroot\ShellAnything\src\core\KeyboardHelper.h">
      <Filter>Header Files</Filter>
    </ClInclude>
    <ClInclude Include="C:\gitroot\ShellAnything\src\core\LoggerHelper.h">
      <Filter>Header Files</Filter>
    </ClInclude>
    <ClInclude Include="C:\gitroot\ShellAnything\src\core\Menu.h">
      <Filter>Header Files</Filter>
    </ClInclude>
    <ClInclude Include="C:\gitroot\ShellAnything\src\core\PcgRandomService.h">
      <Filter>Header Files</Filter>
    </ClInclude>
    <ClInclude Include="C:\gitroot\ShellAnything\src\core\RandomHelper.h">
      <Filter>Header Files</Filter>
    </ClInclude>
    <ClInclude Include="C:\gitroot\ShellAnything\src\core\Validator.h">
      <Filter>Header Files</Filter>
    </ClInclude>
    <ClInclude Include="C:\gitroot\ShellAnything\src\core\FileMagicManager.h">
      <Filter>Header Files</Filter>
    </ClInclude>
    <ClInclude Include="C:\gitroot\ShellAnything\src\core\IActionFactory.h">
      <Filter>Header Files</Filter>
    </ClInclude>
    <ClInclude Include="C:\gitroot\ShellAnything\src\core\IAttributeValidator.h">
      <Filter>Header Files</Filter>
    </ClInclude>
    <ClInclude Include="C:\gitroot\ShellAnything\src\core\InputBox.h">
      <Filter>Header Files</Filter>
    </ClInclude>
    <ClInclude Include="C:\gitroot\ShellAnything\src\core\IntList.h">
      <Filter>Header Files</Filter>
    </ClInclude>
    <ClInclude Include="C:\gitroot\ShellAnything\src\core\IUpdateCallback.h">
      <Filter>Header Files</Filter>
    </ClInclude>
    <ClInclude Include="C:\gitroot\ShellAnything\src\core\ObjectFactory.h">
      <Filter>Header Files</Filter>
    </ClInclude>
    <ClInclude Include="C:\gitroot\ShellAnything\src\core\Plugin.h">
      <Filter>Header Files</Filter>
    </ClInclude>
    <ClInclude Include="C:\gitroot\ShellAnything\src\core\Unicode.h">
      <Filter>Header Files</Filter>
    </ClInclude>
    <ClInclude Include="C:\gitroot\ShellAnything\src\core\DriveClass.h">
      <Filter>Header Files</Filter>
    </ClInclude>
    <ClInclude Include="C:\gitroot\ShellAnything\src\core\Enums.h">
      <Filter>Header Files</Filter>
    </ClInclude>
    <ClInclude Include="C:\gitroot\ShellAnything\src\core\ErrorManager.h">
      <Filter>Header Files</Filter>
    </ClInclude>
    <ClInclude Include="C:\gitroot\ShellAnything\src\core\PropertyManager.h">
      <Filter>Header Files</Filter>
    </ClInclude>
    <ClInclude Include="C:\gitroot\ShellAnything\src\core\PropertyStore.h">
      <Filter>Header Files</Filter>
    </ClInclude>
    <ClInclude Include="C:\gitroot\ShellAnything\src\core\Registry.h">
      <Filter>Header Files</Filter>
    </ClInclude>
    <ClInclude Include="C:\gitroot\ShellAnything\src\core\StringList.h">
      <Filter>Header Files</Filter>
    </ClInclude>
    <ClInclude Include="C:\gitroot\ShellAnything\src\core\Wildcard.h">
      <Filter>Header Files</Filter>
    </ClInclude>
  </ItemGroup>
  <ItemGroup>
    <CustomBuild Include="C:\gitroot\ShellAnything\src\core\CMakeLists.txt" />
  </ItemGroup>
  <ItemGroup>
    <XML Include="C:\gitroot\ShellAnything\resources\configurations\default.xml">
      <Filter>Default Configuration Files</Filter>
    </XML>
    <XML Include="C:\gitroot\ShellAnything\resources\configurations\shellanything.xml">
      <Filter>Default Configuration Files</Filter>
    </XML>
  </ItemGroup>
  <ItemGroup>
    <Filter Include="Default Configuration Files">
      <UniqueIdentifier>{22929235-14F3-301E-8CDB-D0E90533283C}</UniqueIdentifier>
    </Filter>
    <Filter Include="Header Files">
      <UniqueIdentifier>{19E7E00D-C1A3-3DB4-92D4-8E2AB74628FD}</UniqueIdentifier>
    </Filter>
    <Filter Include="Source Files">
      <UniqueIdentifier>{234B78A9-2870-3091-9317-9AA72131AA7F}</UniqueIdentifier>
    </Filter>
  </ItemGroup>
</Project>
